{
  "requires": true,
  "lockfileVersion": 1,
  "dependencies": {
    "mdbootstrap": {
      "version": "4.7.6",
      "resolved": "https://registry.npmjs.org/mdbootstrap/-/mdbootstrap-4.7.6.tgz",
      "integrity": "sha512-b5Dgg/DQon8E3F/oIKJsCiFN1E5kgQBlndQ8vNzDnGcQXo2ruVKZA6Z3cvIJrv2IKS1kPBWOUwDedJiCLoAZxA=="
    }
  }
}
